
Microsoft Visual Studio Solution File, Format Version 12.00
# Visual Studio Version 16
VisualStudioVersion = 16.0.30611.23
MinimumVisualStudioVersion = 10.0.40219.1
Project("{FAE04EC0-301F-11D3-BF4B-00C04F79EFBC}") = "Projektni_zadatak", "Projektni_zadatak\Projektni_zadatak.csproj", "{64A302A4-EF9B-4C49-954A-918E16ADC245}"
EndProject
Global
	GlobalSection(SolutionConfigurationPlatforms) = preSolution
		Debug|Any CPU = Debug|Any CPU
		Release|Any CPU = Release|Any CPU
	EndGlobalSection
	GlobalSection(ProjectConfigurationPlatforms) = postSolution
		{64A302A4-EF9B-4C49-954A-918E16ADC245}.Debug|Any CPU.ActiveCfg = Debug|Any CPU
		{64A302A4-EF9B-4C49-954A-918E16ADC245}.Debug|Any CPU.Build.0 = Debug|Any CPU
		{64A302A4-EF9B-4C49-954A-918E16ADC245}.Release|Any CPU.ActiveCfg = Release|Any CPU
		{64A302A4-EF9B-4C49-954A-918E16ADC245}.Release|Any CPU.Build.0 = Release|Any CPU
	EndGlobalSection
	GlobalSection(SolutionProperties) = preSolution
		HideSolutionNode = FALSE
	EndGlobalSection
	GlobalSection(ExtensibilityGlobals) = postSolution
		SolutionGuid = {A97BC4E7-D463-4133-A487-3332278417B4}
	EndGlobalSection
EndGlobal
